// !$*UTF8*$!
{
	archiveVersion = 1;
	classes = {
	};
	objectVersion = 56;
	objects = {

/* Begin PBXBuildFile section */
		D3107E222B567680004BBBA9 /* HomeView.swift in Sources */ = {isa = PBXBuildFile; fileRef = D3107E212B567680004BBBA9 /* HomeView.swift */; };
		D3107E242B56768D004BBBA9 /* HabitListView.swift in Sources */ = {isa = PBXBuildFile; fileRef = D3107E232B56768D004BBBA9 /* HabitListView.swift */; };
		D3107E262B56769B004BBBA9 /* UserListView.swift in Sources */ = {isa = PBXBuildFile; fileRef = D3107E252B56769B004BBBA9 /* UserListView.swift */; };
		D3107E282B5676A9004BBBA9 /* LogHabitListView.swift in Sources */ = {isa = PBXBuildFile; fileRef = D3107E272B5676A9004BBBA9 /* LogHabitListView.swift */; };
		D3107E2A2B5676B5004BBBA9 /* HabitDetailView.swift in Sources */ = {isa = PBXBuildFile; fileRef = D3107E292B5676B5004BBBA9 /* HabitDetailView.swift */; };
		D3107E2C2B5676BE004BBBA9 /* UserDetailView.swift in Sources */ = {isa = PBXBuildFile; fileRef = D3107E2B2B5676BE004BBBA9 /* UserDetailView.swift */; };
		D3107E2E2B567748004BBBA9 /* Habit.swift in Sources */ = {isa = PBXBuildFile; fileRef = D3107E2D2B567748004BBBA9 /* Habit.swift */; };
		D3107E322B5677DC004BBBA9 /* Color.swift in Sources */ = {isa = PBXBuildFile; fileRef = D3107E312B5677DC004BBBA9 /* Color.swift */; };
		D3107E342B5677E5004BBBA9 /* Category.swift in Sources */ = {isa = PBXBuildFile; fileRef = D3107E332B5677E5004BBBA9 /* Category.swift */; };
		D3F76BCA2B543B510005980B /* HabitsApp.swift in Sources */ = {isa = PBXBuildFile; fileRef = D3F76BC92B543B510005980B /* HabitsApp.swift */; };
		D3F76BCC2B543B510005980B /* RootView.swift in Sources */ = {isa = PBXBuildFile; fileRef = D3F76BCB2B543B510005980B /* RootView.swift */; };
		D3F76BCE2B543B530005980B /* Assets.xcassets in Resources */ = {isa = PBXBuildFile; fileRef = D3F76BCD2B543B530005980B /* Assets.xcassets */; };
		D3F76BD12B543B530005980B /* Preview Assets.xcassets in Resources */ = {isa = PBXBuildFile; fileRef = D3F76BD02B543B530005980B /* Preview Assets.xcassets */; };
/* End PBXBuildFile section */

/* Begin PBXFileReference section */
		D3107E212B567680004BBBA9 /* HomeView.swift */ = {isa = PBXFileReference; lastKnownFileType = sourcecode.swift; path = HomeView.swift; sourceTree = "<group>"; };
		D3107E232B56768D004BBBA9 /* HabitListView.swift */ = {isa = PBXFileReference; lastKnownFileType = sourcecode.swift; path = HabitListView.swift; sourceTree = "<group>"; };
		D3107E252B56769B004BBBA9 /* UserListView.swift */ = {isa = PBXFileReference; lastKnownFileType = sourcecode.swift; path = UserListView.swift; sourceTree = "<group>"; };
		D3107E272B5676A9004BBBA9 /* LogHabitListView.swift */ = {isa = PBXFileReference; lastKnownFileType = sourcecode.swift; path = LogHabitListView.swift; sourceTree = "<group>"; };
		D3107E292B5676B5004BBBA9 /* HabitDetailView.swift */ = {isa = PBXFileReference; lastKnownFileType = sourcecode.swift; path = HabitDetailView.swift; sourceTree = "<group>"; };
		D3107E2B2B5676BE004BBBA9 /* UserDetailView.swift */ = {isa = PBXFileReference; lastKnownFileType = sourcecode.swift; path = UserDetailView.swift; sourceTree = "<group>"; };
		D3107E2D2B567748004BBBA9 /* Habit.swift */ = {isa = PBXFileReference; lastKnownFileType = sourcecode.swift; path = Habit.swift; sourceTree = "<group>"; };
		D3107E312B5677DC004BBBA9 /* Color.swift */ = {isa = PBXFileReference; lastKnownFileType = sourcecode.swift; path = Color.swift; sourceTree = "<group>"; };
		D3107E332B5677E5004BBBA9 /* Category.swift */ = {isa = PBXFileReference; lastKnownFileType = sourcecode.swift; path = Category.swift; sourceTree = "<group>"; };
		D3F76BC62B543B510005980B /* Habits.app */ = {isa = PBXFileReference; explicitFileType = wrapper.application; includeInIndex = 0; path = Habits.app; sourceTree = BUILT_PRODUCTS_DIR; };
		D3F76BC92B543B510005980B /* HabitsApp.swift */ = {isa = PBXFileReference; lastKnownFileType = sourcecode.swift; path = HabitsApp.swift; sourceTree = "<group>"; };
		D3F76BCB2B543B510005980B /* RootView.swift */ = {isa = PBXFileReference; lastKnownFileType = sourcecode.swift; path = RootView.swift; sourceTree = "<group>"; };
		D3F76BCD2B543B530005980B /* Assets.xcassets */ = {isa = PBXFileReference; lastKnownFileType = folder.assetcatalog; path = Assets.xcassets; sourceTree = "<group>"; };
		D3F76BD02B543B530005980B /* Preview Assets.xcassets */ = {isa = PBXFileReference; lastKnownFileType = folder.assetcatalog; path = "Preview Assets.xcassets"; sourceTree = "<group>"; };
		D3F76BD72B543C8C0005980B /* Info.plist */ = {isa = PBXFileReference; lastKnownFileType = text.plist; path = Info.plist; sourceTree = "<group>"; };
/* End PBXFileReference section */

/* Begin PBXFrameworksBuildPhase section */
		D3F76BC32B543B510005980B /* Frameworks */ = {
			isa = PBXFrameworksBuildPhase;
			buildActionMask = 2147483647;
			files = (
			);
			runOnlyForDeploymentPostprocessing = 0;
		};
/* End PBXFrameworksBuildPhase section */

/* Begin PBXGroup section */
		D3F76BBD2B543B510005980B = {
			isa = PBXGroup;
			children = (
				D3F76BC82B543B510005980B /* Habits */,
				D3F76BC72B543B510005980B /* Products */,
			);
			sourceTree = "<group>";
		};
		D3F76BC72B543B510005980B /* Products */ = {
			isa = PBXGroup;
			children = (
				D3F76BC62B543B510005980B /* Habits.app */,
			);
			name = Products;
			sourceTree = "<group>";
		};
		D3F76BC82B543B510005980B /* Habits */ = {
			isa = PBXGroup;
			children = (
				D3F76BD72B543C8C0005980B /* Info.plist */,
				D3F76BC92B543B510005980B /* HabitsApp.swift */,
				D3F76BCB2B543B510005980B /* RootView.swift */,
				D3107E212B567680004BBBA9 /* HomeView.swift */,
				D3107E232B56768D004BBBA9 /* HabitListView.swift */,
				D3107E252B56769B004BBBA9 /* UserListView.swift */,
				D3107E272B5676A9004BBBA9 /* LogHabitListView.swift */,
				D3107E292B5676B5004BBBA9 /* HabitDetailView.swift */,
				D3107E2B2B5676BE004BBBA9 /* UserDetailView.swift */,
				D3107E2D2B567748004BBBA9 /* Habit.swift */,
				D3107E312B5677DC004BBBA9 /* Color.swift */,
				D3107E332B5677E5004BBBA9 /* Category.swift */,
				D3F76BCD2B543B530005980B /* Assets.xcassets */,
				D3F76BCF2B543B530005980B /* Preview Content */,
			);
			path = Habits;
			sourceTree = "<group>";
		};
		D3F76BCF2B543B530005980B /* Preview Content */ = {
			isa = PBXGroup;
			children = (
				D3F76BD02B543B530005980B /* Preview Assets.xcassets */,
			);
			path = "Preview Content";
			sourceTree = "<group>";
		};
/* End PBXGroup section */

/* Begin PBXNativeTarget section */
		D3F76BC52B543B510005980B /* Habits */ = {
			isa = PBXNativeTarget;
			buildConfigurationList = D3F76BD42B543B530005980B /* Build configuration list for PBXNativeTarget "Habits" */;
			buildPhases = (
				D3F76BD82B543CB40005980B /* SwiftLint */,
				D3F76BC22B543B510005980B /* Sources */,
				D3F76BC32B543B510005980B /* Frameworks */,
				D3F76BC42B543B510005980B /* Resources */,
			);
			buildRules = (
			);
			dependencies = (
			);
			name = Habits;
			productName = Habits;
			productReference = D3F76BC62B543B510005980B /* Habits.app */;
			productType = "com.apple.product-type.application";
		};
/* End PBXNativeTarget section */

/* Begin PBXProject section */
		D3F76BBE2B543B510005980B /* Project object */ = {
			isa = PBXProject;
			attributes = {
				BuildIndependentTargetsInParallel = 1;
				LastSwiftUpdateCheck = 1520;
				LastUpgradeCheck = 1520;
				TargetAttributes = {
					D3F76BC52B543B510005980B = {
						CreatedOnToolsVersion = 15.2;
					};
				};
			};
			buildConfigurationList = D3F76BC12B543B510005980B /* Build configuration list for PBXProject "Habits" */;
			compatibilityVersion = "Xcode 14.0";
			developmentRegion = en;
			hasScannedForEncodings = 0;
			knownRegions = (
				en,
				Base,
			);
			mainGroup = D3F76BBD2B543B510005980B;
			productRefGroup = D3F76BC72B543B510005980B /* Products */;
			projectDirPath = "";
			projectRoot = "";
			targets = (
				D3F76BC52B543B510005980B /* Habits */,
			);
		};
/* End PBXProject section */

/* Begin PBXResourcesBuildPhase section */
		D3F76BC42B543B510005980B /* Resources */ = {
			isa = PBXResourcesBuildPhase;
			buildActionMask = 2147483647;
			files = (
				D3F76BD12B543B530005980B /* Preview Assets.xcassets in Resources */,
				D3F76BCE2B543B530005980B /* Assets.xcassets in Resources */,
			);
			runOnlyForDeploymentPostprocessing = 0;
		};
/* End PBXResourcesBuildPhase section */

/* Begin PBXShellScriptBuildPhase section */
		D3F76BD82B543CB40005980B /* SwiftLint */ = {
			isa = PBXShellScriptBuildPhase;
			alwaysOutOfDate = 1;
			buildActionMask = 2147483647;
			files = (
			);
			inputFileListPaths = (
			);
			inputPaths = (
			);
			name = SwiftLint;
			outputFileListPaths = (
			);
			outputPaths = (
			);
			runOnlyForDeploymentPostprocessing = 0;
			shellPath = /bin/sh;
			shellScript = "export PATH=\"$PATH:/opt/homebrew/bin\"\nif which swiftlint > /dev/null; then\n  swiftlint\nelse\n  echo \"warning: SwiftLint not installed, download from https://github.com/realm/SwiftLint\"\nfi\n";
			showEnvVarsInLog = 0;
		};
/* End PBXShellScriptBuildPhase section */

/* Begin PBXSourcesBuildPhase section */
		D3F76BC22B543B510005980B /* Sources */ = {
			isa = PBXSourcesBuildPhase;
			buildActionMask = 2147483647;
			files = (
				D3107E2A2B5676B5004BBBA9 /* HabitDetailView.swift in Sources */,
				D3107E222B567680004BBBA9 /* HomeView.swift in Sources */,
				D3107E262B56769B004BBBA9 /* UserListView.swift in Sources */,
				D3107E322B5677DC004BBBA9 /* Color.swift in Sources */,
				D3107E242B56768D004BBBA9 /* HabitListView.swift in Sources */,
				D3107E2C2B5676BE004BBBA9 /* UserDetailView.swift in Sources */,
				D3F76BCC2B543B510005980B /* RootView.swift in Sources */,
				D3107E2E2B567748004BBBA9 /* Habit.swift in Sources */,
				D3107E282B5676A9004BBBA9 /* LogHabitListView.swift in Sources */,
				D3F76BCA2B543B510005980B /* HabitsApp.swift in Sources */,
				D3107E342B5677E5004BBBA9 /* Category.swift in Sources */,
			);
			runOnlyForDeploymentPostprocessing = 0;
		};
/* End PBXSourcesBuildPhase section */

/* Begin XCBuildConfiguration section */
		D3F76BD22B543B530005980B /* Debug */ = {
			isa = XCBuildConfiguration;
			buildSettings = {
				ALWAYS_SEARCH_USER_PATHS = NO;
				ASSETCATALOG_COMPILER_GENERATE_SWIFT_ASSET_SYMBOL_EXTENSIONS = YES;
				CLANG_ANALYZER_NONNULL = YES;
				CLANG_ANALYZER_NUMBER_OBJECT_CONVERSION = YES_AGGRESSIVE;
				CLANG_CXX_LANGUAGE_STANDARD = "gnu++20";
				CLANG_ENABLE_MODULES = YES;
				CLANG_ENABLE_OBJC_ARC = YES;
				CLANG_ENABLE_OBJC_WEAK = YES;
				CLANG_WARN_BLOCK_CAPTURE_AUTORELEASING = YES;
				CLANG_WARN_BOOL_CONVERSION = YES;
				CLANG_WARN_COMMA = YES;
				CLANG_WARN_CONSTANT_CONVERSION = YES;
				CLANG_WARN_DEPRECATED_OBJC_IMPLEMENTATIONS = YES;
				CLANG_WARN_DIRECT_OBJC_ISA_USAGE = YES_ERROR;
				CLANG_WARN_DOCUMENTATION_COMMENTS = YES;
				CLANG_WARN_EMPTY_BODY = YES;
				CLANG_WARN_ENUM_CONVERSION = YES;
				CLANG_WARN_INFINITE_RECURSION = YES;
				CLANG_WARN_INT_CONVERSION = YES;
				CLANG_WARN_NON_LITERAL_NULL_CONVERSION = YES;
				CLANG_WARN_OBJC_IMPLICIT_RETAIN_SELF = YES;
				CLANG_WARN_OBJC_LITERAL_CONVERSION = YES;
				CLANG_WARN_OBJC_ROOT_CLASS = YES_ERROR;
				CLANG_WARN_QUOTED_INCLUDE_IN_FRAMEWORK_HEADER = YES;
				CLANG_WARN_RANGE_LOOP_ANALYSIS = YES;
				CLANG_WARN_STRICT_PROTOTYPES = YES;
				CLANG_WARN_SUSPICIOUS_MOVE = YES;
				CLANG_WARN_UNGUARDED_AVAILABILITY = YES_AGGRESSIVE;
				CLANG_WARN_UNREACHABLE_CODE = YES;
				CLANG_WARN__DUPLICATE_METHOD_MATCH = YES;
				COPY_PHASE_STRIP = NO;
				DEBUG_INFORMATION_FORMAT = dwarf;
				ENABLE_STRICT_OBJC_MSGSEND = YES;
				ENABLE_TESTABILITY = YES;
				ENABLE_USER_SCRIPT_SANDBOXING = YES;
				GCC_C_LANGUAGE_STANDARD = gnu17;
				GCC_DYNAMIC_NO_PIC = NO;
				GCC_NO_COMMON_BLOCKS = YES;
				GCC_OPTIMIZATION_LEVEL = 0;
				GCC_PREPROCESSOR_DEFINITIONS = (
					"DEBUG=1",
					"$(inherited)",
				);
				GCC_WARN_64_TO_32_BIT_CONVERSION = YES;
				GCC_WARN_ABOUT_RETURN_TYPE = YES_ERROR;
				GCC_WARN_UNDECLARED_SELECTOR = YES;
				GCC_WARN_UNINITIALIZED_AUTOS = YES_AGGRESSIVE;
				GCC_WARN_UNUSED_FUNCTION = YES;
				GCC_WARN_UNUSED_VARIABLE = YES;
				IPHONEOS_DEPLOYMENT_TARGET = 17.2;
				LOCALIZATION_PREFERS_STRING_CATALOGS = YES;
				MTL_ENABLE_DEBUG_INFO = INCLUDE_SOURCE;
				MTL_FAST_MATH = YES;
				ONLY_ACTIVE_ARCH = YES;
				SDKROOT = iphoneos;
				SWIFT_ACTIVE_COMPILATION_CONDITIONS = "DEBUG $(inherited)";
				SWIFT_OPTIMIZATION_LEVEL = "-Onone";
			};
			name = Debug;
		};
		D3F76BD32B543B530005980B /* Release */ = {
			isa = XCBuildConfiguration;
			buildSettings = {
				ALWAYS_SEARCH_USER_PATHS = NO;
				ASSETCATALOG_COMPILER_GENERATE_SWIFT_ASSET_SYMBOL_EXTENSIONS = YES;
				CLANG_ANALYZER_NONNULL = YES;
				CLANG_ANALYZER_NUMBER_OBJECT_CONVERSION = YES_AGGRESSIVE;
				CLANG_CXX_LANGUAGE_STANDARD = "gnu++20";
				CLANG_ENABLE_MODULES = YES;
				CLANG_ENABLE_OBJC_ARC = YES;
				CLANG_ENABLE_OBJC_WEAK = YES;
				CLANG_WARN_BLOCK_CAPTURE_AUTORELEASING = YES;
				CLANG_WARN_BOOL_CONVERSION = YES;
				CLANG_WARN_COMMA = YES;
				CLANG_WARN_CONSTANT_CONVERSION = YES;
				CLANG_WARN_DEPRECATED_OBJC_IMPLEMENTATIONS = YES;
				CLANG_WARN_DIRECT_OBJC_ISA_USAGE = YES_ERROR;
				CLANG_WARN_DOCUMENTATION_COMMENTS = YES;
				CLANG_WARN_EMPTY_BODY = YES;
				CLANG_WARN_ENUM_CONVERSION = YES;
				CLANG_WARN_INFINITE_RECURSION = YES;
				CLANG_WARN_INT_CONVERSION = YES;
				CLANG_WARN_NON_LITERAL_NULL_CONVERSION = YES;
				CLANG_WARN_OBJC_IMPLICIT_RETAIN_SELF = YES;
				CLANG_WARN_OBJC_LITERAL_CONVERSION = YES;
				CLANG_WARN_OBJC_ROOT_CLASS = YES_ERROR;
				CLANG_WARN_QUOTED_INCLUDE_IN_FRAMEWORK_HEADER = YES;
				CLANG_WARN_RANGE_LOOP_ANALYSIS = YES;
				CLANG_WARN_STRICT_PROTOTYPES = YES;
				CLANG_WARN_SUSPICIOUS_MOVE = YES;
				CLANG_WARN_UNGUARDED_AVAILABILITY = YES_AGGRESSIVE;
				CLANG_WARN_UNREACHABLE_CODE = YES;
				CLANG_WARN__DUPLICATE_METHOD_MATCH = YES;
				COPY_PHASE_STRIP = NO;
				DEBUG_INFORMATION_FORMAT = "dwarf-with-dsym";
				ENABLE_NS_ASSERTIONS = NO;
				ENABLE_STRICT_OBJC_MSGSEND = YES;
				ENABLE_USER_SCRIPT_SANDBOXING = YES;
				GCC_C_LANGUAGE_STANDARD = gnu17;
				GCC_NO_COMMON_BLOCKS = YES;
				GCC_WARN_64_TO_32_BIT_CONVERSION = YES;
				GCC_WARN_ABOUT_RETURN_TYPE = YES_ERROR;
				GCC_WARN_UNDECLARED_SELECTOR = YES;
				GCC_WARN_UNINITIALIZED_AUTOS = YES_AGGRESSIVE;
				GCC_WARN_UNUSED_FUNCTION = YES;
				GCC_WARN_UNUSED_VARIABLE = YES;
				IPHONEOS_DEPLOYMENT_TARGET = 17.2;
				LOCALIZATION_PREFERS_STRING_CATALOGS = YES;
				MTL_ENABLE_DEBUG_INFO = NO;
				MTL_FAST_MATH = YES;
				SDKROOT = iphoneos;
				SWIFT_COMPILATION_MODE = wholemodule;
				VALIDATE_PRODUCT = YES;
			};
			name = Release;
		};
		D3F76BD52B543B530005980B /* Debug */ = {
			isa = XCBuildConfiguration;
			buildSettings = {
				ASSETCATALOG_COMPILER_APPICON_NAME = AppIcon;
				ASSETCATALOG_COMPILER_GLOBAL_ACCENT_COLOR_NAME = AccentColor;
				CODE_SIGN_STYLE = Automatic;
				CURRENT_PROJECT_VERSION = 1;
				DEVELOPMENT_ASSET_PATHS = "\"Habits/Preview Content\"";
				DEVELOPMENT_TEAM = LKA4A6WMZA;
				ENABLE_PREVIEWS = YES;
				ENABLE_USER_SCRIPT_SANDBOXING = NO;
				GENERATE_INFOPLIST_FILE = YES;
				INFOPLIST_FILE = Habits/Info.plist;
				INFOPLIST_KEY_UIApplicationSceneManifest_Generation = YES;
				INFOPLIST_KEY_UIApplicationSupportsIndirectInputEvents = YES;
				INFOPLIST_KEY_UILaunchScreen_Generation = YES;
				INFOPLIST_KEY_UISupportedInterfaceOrientations_iPad = "UIInterfaceOrientationPortrait UIInterfaceOrientationPortraitUpsideDown UIInterfaceOrientationLandscapeLeft UIInterfaceOrientationLandscapeRight";
				INFOPLIST_KEY_UISupportedInterfaceOrientations_iPhone = "UIInterfaceOrientationPortrait UIInterfaceOrientationLandscapeLeft UIInterfaceOrientationLandscapeRight";
				LD_RUNPATH_SEARCH_PATHS = (
					"$(inherited)",
					"@executable_path/Frameworks",
				);
				MARKETING_VERSION = 1.0;
				PRODUCT_BUNDLE_IDENTIFIER = eduard.Habits;
				PRODUCT_NAME = "$(TARGET_NAME)";
				SWIFT_EMIT_LOC_STRINGS = YES;
				SWIFT_VERSION = 5.0;
				TARGETED_DEVICE_FAMILY = "1,2";
			};
			name = Debug;
		};
		D3F76BD62B543B530005980B /* Release */ = {
			isa = XCBuildConfiguration;
			buildSettings = {
				ASSETCATALOG_COMPILER_APPICON_NAME = AppIcon;
				ASSETCATALOG_COMPILER_GLOBAL_ACCENT_COLOR_NAME = AccentColor;
				CODE_SIGN_STYLE = Automatic;
				CURRENT_PROJECT_VERSION = 1;
				DEVELOPMENT_ASSET_PATHS = "\"Habits/Preview Content\"";
				DEVELOPMENT_TEAM = LKA4A6WMZA;
				ENABLE_PREVIEWS = YES;
				ENABLE_USER_SCRIPT_SANDBOXING = NO;
				GENERATE_INFOPLIST_FILE = YES;
				INFOPLIST_FILE = Habits/Info.plist;
				INFOPLIST_KEY_UIApplicationSceneManifest_Generation = YES;
				INFOPLIST_KEY_UIApplicationSupportsIndirectInputEvents = YES;
				INFOPLIST_KEY_UILaunchScreen_Generation = YES;
				INFOPLIST_KEY_UISupportedInterfaceOrientations_iPad = "UIInterfaceOrientationPortrait UIInterfaceOrientationPortraitUpsideDown UIInterfaceOrientationLandscapeLeft UIInterfaceOrientationLandscapeRight";
				INFOPLIST_KEY_UISupportedInterfaceOrientations_iPhone = "UIInterfaceOrientationPortrait UIInterfaceOrientationLandscapeLeft UIInterfaceOrientationLandscapeRight";
				LD_RUNPATH_SEARCH_PATHS = (
					"$(inherited)",
					"@executable_path/Frameworks",
				);
				MARKETING_VERSION = 1.0;
				PRODUCT_BUNDLE_IDENTIFIER = eduard.Habits;
				PRODUCT_NAME = "$(TARGET_NAME)";
				SWIFT_EMIT_LOC_STRINGS = YES;
				SWIFT_VERSION = 5.0;
				TARGETED_DEVICE_FAMILY = "1,2";
			};
			name = Release;
		};
/* End XCBuildConfiguration section */

/* Begin XCConfigurationList section */
		D3F76BC12B543B510005980B /* Build configuration list for PBXProject "Habits" */ = {
			isa = XCConfigurationList;
			buildConfigurations = (
				D3F76BD22B543B530005980B /* Debug */,
				D3F76BD32B543B530005980B /* Release */,
			);
			defaultConfigurationIsVisible = 0;
			defaultConfigurationName = Release;
		};
		D3F76BD42B543B530005980B /* Build configuration list for PBXNativeTarget "Habits" */ = {
			isa = XCConfigurationList;
			buildConfigurations = (
				D3F76BD52B543B530005980B /* Debug */,
				D3F76BD62B543B530005980B /* Release */,
			);
			defaultConfigurationIsVisible = 0;
			defaultConfigurationName = Release;
		};
/* End XCConfigurationList section */
	};
	rootObject = D3F76BBE2B543B510005980B /* Project object */;
}
